{
    "_meta": {
        "hash": {
            "sha256": "4405978c9ccdd33af4d535a8f650a4384214c53575e3db36702fc005afdee744"
        },
        "pipfile-spec": 6,
        "requires": {
            "python_version": "*"
        },
        "sources": [
            {
                "name": "pypi",
                "url": "https://pypi.org/simple",
                "verify_ssl": true
            }
        ]
    },
    "default": {
        "base16-shell-preview": {
            "hashes": [
                "sha256:159480b5cf8f1e57667a09fe929b195bb3558d8006b6e132d7ad557aff2dd569",
                "sha256:581e9ec9e6690fa8f8185ca9a5e2977223f01b09f5e3766813ee6196595c4e74"
            ],
            "index": "pypi",
            "version": "==0.3.0"
        }
    },
    "develop": {}
}
