{
    "_meta": {
        "hash": {
            "sha256": "0c78e08c6684410e23a59dacc70aff0ee8a0f32d20cddf68faeb0d22ee3ba82a"
        },
        "pipfile-spec": 6,
        "requires": {
            "python_version": "*"
        },
        "sources": [
            {
                "name": "pypi",
                "url": "https://pypi.org/simple",
                "verify_ssl": true
            }
        ]
    },
    "default": {
        "ranger-fm": {
            "hashes": [
                "sha256:0ec62031185ad1f40b9faebd5a2d517c8597019c2eee919e3f1c60ce466d8625"
            ],
            "index": "pypi",
            "version": "==1.9.2"
        }
    },
    "develop": {}
}
