{
    "_meta": {
        "hash": {
            "sha256": "117dc5004bb429a9c825aeb7f33545f1ac5321a1d2d3da8f69a8589d3c27527d"
        },
        "pipfile-spec": 6,
        "requires": {
            "python_version": "3.7"
        },
        "sources": [
            {
                "name": "pypi",
                "url": "https://pypi.org/simple",
                "verify_ssl": true
            }
        ]
    },
    "default": {
        "youtube-dl": {
            "hashes": [
                "sha256:14ad7e55f325a9352a565913506dbf19f13ec64cec3689f8881a9a44e183ea09",
                "sha256:726399202f1798cfd51571e99e319332050addf69d7ee98b53bb5ad66b6f916f"
            ],
            "index": "pypi",
            "version": "==2018.11.3"
        }
    },
    "develop": {}
}
