{
    "_meta": {
        "hash": {
            "sha256": "dcaf2f958b37610b7e815c01cdfed20ef154052ba7e08897d92adc583ac9fa85"
        },
        "pipfile-spec": 6,
        "requires": {
            "python_version": "*"
        },
        "sources": [
            {
                "name": "pypi",
                "url": "https://pypi.org/simple",
                "verify_ssl": true
            }
        ]
    },
    "default": {
        "osxmmkeys": {
            "git": "https://github.com/nvllsvm/osxmmkeys.git",
            "ref": "bc7eaa5fb7c8c2db5808f32762dca38d10402f14"
        },
        "osxmpdkeys": {
            "git": "https://github.com/pushrax/osxmpdkeys.git",
            "ref": "6aec262baa6b42d131e862b0c7fdf4850fcd5960"
        }
    },
    "develop": {}
}
